github.com/Michael-F-Ellis/goht v1.1.1 h1:5R1KSSbWHBFkCw3f8H4LAaUInz4LLwvyig2ioEuqwMk=
github.com/Michael-F-Ellis/goht v1.1.1/go.mod h1:ihZ6qOS584kNRyelpis+EN4LR6N0Ms1kqVsitKN0DDc=
github.com/go-test/deep v1.0.8 h1:TDsG77qcSprGbC6vTN8OuXp5g+J+b5Pcguhf7Zt61VM=
github.com/go-test/deep v1.0.8/go.mod h1:5C2ZWiW0ErCdrYzpqxLbTX7MG14M9iiw8DgHncVwcsE=
golang.org/x/net v0.0.0-20220531201128-c960675eff93 h1:MYimHLfoXEpOhqd/zgoA/uoXzHB86AEky4LAx5ij9xA=
golang.org/x/net v0.0.0-20220531201128-c960675eff93/go.mod h1:XRhObCWvk6IyKnWLug+ECip1KBveYUHfp+8e9klMJ9c=
